
Microsoft Visual Studio Solution File, Format Version 12.00
# Visual Studio Version 17
VisualStudioVersion = 17.8.34330.188
MinimumVisualStudioVersion = 10.0.40219.1
Project("{8BC9CEB8-8B4A-11D0-8D11-00A0C91BC942}") = "hyouka2", "hyouka2.vcxproj", "{C14F1B16-8176-4212-9F47-F0C6CE46A668}"
EndProject
Global
	GlobalSection(SolutionConfigurationPlatforms) = preSolution
		Debug|x64 = Debug|x64
		Release|x64 = Release|x64
	EndGlobalSection
	GlobalSection(ProjectConfigurationPlatforms) = postSolution
		{C14F1B16-8176-4212-9F47-F0C6CE46A668}.Debug|x64.ActiveCfg = Debug|x64
		{C14F1B16-8176-4212-9F47-F0C6CE46A668}.Debug|x64.Build.0 = Debug|x64
		{C14F1B16-8176-4212-9F47-F0C6CE46A668}.Release|x64.ActiveCfg = Release|x64
		{C14F1B16-8176-4212-9F47-F0C6CE46A668}.Release|x64.Build.0 = Release|x64
	EndGlobalSection
	GlobalSection(SolutionProperties) = preSolution
		HideSolutionNode = FALSE
	EndGlobalSection
	GlobalSection(ExtensibilityGlobals) = postSolution
		SolutionGuid = {81450528-2B36-40D9-9D61-E21685BC39B9}
	EndGlobalSection
EndGlobal
